
Microsoft Visual Studio Solution File, Format Version 12.00
# Visual Studio 2017
Project("{FAE04EC0-301F-11D3-BF4B-00C04F79EFBC}") = "testApp", "testApp.csproj", "{8B9E2917-C5C1-4262-B0B8-68F966B12A13}"
EndProject
Global
	GlobalSection(SolutionConfigurationPlatforms) = preSolution
		Debug|Any CPU = Debug|Any CPU
		Release|Any CPU = Release|Any CPU
	EndGlobalSection
	GlobalSection(ProjectConfigurationPlatforms) = postSolution
		{8B9E2917-C5C1-4262-B0B8-68F966B12A13}.Debug|Any CPU.ActiveCfg = Debug|Any CPU
		{8B9E2917-C5C1-4262-B0B8-68F966B12A13}.Debug|Any CPU.Build.0 = Debug|Any CPU
		{8B9E2917-C5C1-4262-B0B8-68F966B12A13}.Release|Any CPU.ActiveCfg = Release|Any CPU
		{8B9E2917-C5C1-4262-B0B8-68F966B12A13}.Release|Any CPU.Build.0 = Release|Any CPU
	EndGlobalSection
EndGlobal
